
Microsoft Visual Studio Solution File, Format Version 12.00
# Visual Studio Version 16
VisualStudioVersion = 16.0.31402.337
MinimumVisualStudioVersion = 10.0.40219.1
Project("{FAE04EC0-301F-11D3-BF4B-00C04F79EFBC}") = "ScreenImageOverlay.WindowsFormsApp", "ScreenImageOverlay.WindowsFormsApp\ScreenImageOverlay.WindowsFormsApp.csproj", "{BD8AE249-DAA0-46E5-864E-816B505F8434}"
EndProject
Global
	GlobalSection(SolutionConfigurationPlatforms) = preSolution
		Debug|Any CPU = Debug|Any CPU
		Release|Any CPU = Release|Any CPU
	EndGlobalSection
	GlobalSection(ProjectConfigurationPlatforms) = postSolution
		{BD8AE249-DAA0-46E5-864E-816B505F8434}.Debug|Any CPU.ActiveCfg = Debug|Any CPU
		{BD8AE249-DAA0-46E5-864E-816B505F8434}.Debug|Any CPU.Build.0 = Debug|Any CPU
		{BD8AE249-DAA0-46E5-864E-816B505F8434}.Release|Any CPU.ActiveCfg = Release|Any CPU
		{BD8AE249-DAA0-46E5-864E-816B505F8434}.Release|Any CPU.Build.0 = Release|Any CPU
	EndGlobalSection
	GlobalSection(SolutionProperties) = preSolution
		HideSolutionNode = FALSE
	EndGlobalSection
	GlobalSection(ExtensibilityGlobals) = postSolution
		SolutionGuid = {9012BC92-90EA-4FF5-BD8C-9C346D73FDC2}
	EndGlobalSection
EndGlobal
